
Microsoft Visual Studio Solution File, Format Version 12.00
# Visual Studio 2013
VisualStudioVersion = 12.0.40629.0
MinimumVisualStudioVersion = 10.0.40219.1
Project("{D4B43EB3-688B-4EEE-86BD-088F0B28ABB3}") = "PureStorage.FlashArrays.Dashboards", "PureStorage.FlashArrays.Dashboards\PureStorage.FlashArrays.Dashboards.mpproj", "{E26FE9D1-3947-4F94-B88D-2699445890AA}"
EndProject
Project("{D4B43EB3-688B-4EEE-86BD-088F0B28ABB3}") = "PureStorage.FlashArrays", "PureStorage.FlashArrays\PureStorage.FlashArrays.mpproj", "{B8647F8F-8C16-487A-952B-9F0D3691A627}"
EndProject
Global
	GlobalSection(SolutionConfigurationPlatforms) = preSolution
		Debug|x86 = Debug|x86
		Release|x86 = Release|x86
	EndGlobalSection
	GlobalSection(ProjectConfigurationPlatforms) = postSolution
		{E26FE9D1-3947-4F94-B88D-2699445890AA}.Debug|x86.ActiveCfg = Debug|x86
		{E26FE9D1-3947-4F94-B88D-2699445890AA}.Debug|x86.Build.0 = Debug|x86
		{E26FE9D1-3947-4F94-B88D-2699445890AA}.Release|x86.ActiveCfg = Release|x86
		{E26FE9D1-3947-4F94-B88D-2699445890AA}.Release|x86.Build.0 = Release|x86
		{B8647F8F-8C16-487A-952B-9F0D3691A627}.Debug|x86.ActiveCfg = Debug|x86
		{B8647F8F-8C16-487A-952B-9F0D3691A627}.Debug|x86.Build.0 = Debug|x86
		{B8647F8F-8C16-487A-952B-9F0D3691A627}.Release|x86.ActiveCfg = Release|x86
		{B8647F8F-8C16-487A-952B-9F0D3691A627}.Release|x86.Build.0 = Release|x86
	EndGlobalSection
	GlobalSection(SolutionProperties) = preSolution
		HideSolutionNode = FALSE
	EndGlobalSection
EndGlobal
